
Microsoft Visual Studio Solution File, Format Version 12.00
Project("{FAE04EC0-301F-11D3-BF4B-00C04F79EFBC}") = "Catalog.Infrastructure", "Catalog.Infrastructure.csproj", "{F19F6A4F-5C07-4F3D-9C98-6906BB0E2DDC}"
EndProject
Global
	GlobalSection(SolutionConfigurationPlatforms) = preSolution
		Debug|Any CPU = Debug|Any CPU
		Release|Any CPU = Release|Any CPU
	EndGlobalSection
	GlobalSection(ProjectConfigurationPlatforms) = postSolution
		{F19F6A4F-5C07-4F3D-9C98-6906BB0E2DDC}.Debug|Any CPU.ActiveCfg = Debug|Any CPU
		{F19F6A4F-5C07-4F3D-9C98-6906BB0E2DDC}.Debug|Any CPU.Build.0 = Debug|Any CPU
		{F19F6A4F-5C07-4F3D-9C98-6906BB0E2DDC}.Release|Any CPU.ActiveCfg = Release|Any CPU
		{F19F6A4F-5C07-4F3D-9C98-6906BB0E2DDC}.Release|Any CPU.Build.0 = Release|Any CPU
	EndGlobalSection
EndGlobal
