
Microsoft Visual Studio Solution File, Format Version 12.00
Project("{FAE04EC0-301F-11D3-BF4B-00C04F79EFBC}") = "Basket.Core", "Basket.Core.csproj", "{4C891C4F-D639-4A28-9A32-221C9F3E6E97}"
EndProject
Global
	GlobalSection(SolutionConfigurationPlatforms) = preSolution
		Debug|Any CPU = Debug|Any CPU
		Release|Any CPU = Release|Any CPU
	EndGlobalSection
	GlobalSection(ProjectConfigurationPlatforms) = postSolution
		{4C891C4F-D639-4A28-9A32-221C9F3E6E97}.Debug|Any CPU.ActiveCfg = Debug|Any CPU
		{4C891C4F-D639-4A28-9A32-221C9F3E6E97}.Debug|Any CPU.Build.0 = Debug|Any CPU
		{4C891C4F-D639-4A28-9A32-221C9F3E6E97}.Release|Any CPU.ActiveCfg = Release|Any CPU
		{4C891C4F-D639-4A28-9A32-221C9F3E6E97}.Release|Any CPU.Build.0 = Release|Any CPU
	EndGlobalSection
EndGlobal
